// !$*UTF8*$!
{
	archiveVersion = 1;
	classes = {
	};
	objectVersion = 48;
	objects = {

/* Begin PBXBuildFile section */
		9863A9A61FD2397A0032B9E9 /* opencv2.framework in Frameworks */ = {isa = PBXBuildFile; fileRef = 9863A9A41FD2397A0032B9E9 /* opencv2.framework */; };
		9863A9AA1FD239900032B9E9 /* CoreVideo.framework in Frameworks */ = {isa = PBXBuildFile; fileRef = 9863A9A91FD2398A0032B9E9 /* CoreVideo.framework */; };
		9863A9B21FD23EE80032B9E9 /* HeadPoseDetector.mm in Sources */ = {isa = PBXBuildFile; fileRef = 9863A9B11FD23EE80032B9E9 /* HeadPoseDetector.mm */; };
		9863A9B31FD2AE990032B9E9 /* Accelerate.framework in Frameworks */ = {isa = PBXBuildFile; fileRef = 9863A9A71FD2397D0032B9E9 /* Accelerate.framework */; };
		988F4B2C1FD3ADDB002A4EC8 /* Vision.framework in Frameworks */ = {isa = PBXBuildFile; fileRef = 988F4B2B1FD3ADD4002A4EC8 /* Vision.framework */; };
		98A27E051FD187270004764F /* AppDelegate.m in Sources */ = {isa = PBXBuildFile; fileRef = 98A27E041FD187270004764F /* AppDelegate.m */; };
		98A27E071FD187270004764F /* art.scnassets in Resources */ = {isa = PBXBuildFile; fileRef = 98A27E061FD187270004764F /* art.scnassets */; };
		98A27E0A1FD187270004764F /* ViewController.m in Sources */ = {isa = PBXBuildFile; fileRef = 98A27E091FD187270004764F /* ViewController.m */; };
		98A27E0D1FD187270004764F /* Main.storyboard in Resources */ = {isa = PBXBuildFile; fileRef = 98A27E0B1FD187270004764F /* Main.storyboard */; };
		98A27E0F1FD187270004764F /* Assets.xcassets in Resources */ = {isa = PBXBuildFile; fileRef = 98A27E0E1FD187270004764F /* Assets.xcassets */; };
		98A27E121FD187270004764F /* LaunchScreen.storyboard in Resources */ = {isa = PBXBuildFile; fileRef = 98A27E101FD187270004764F /* LaunchScreen.storyboard */; };
		98A27E151FD187270004764F /* main.m in Sources */ = {isa = PBXBuildFile; fileRef = 98A27E141FD187270004764F /* main.m */; };
/* End PBXBuildFile section */

/* Begin PBXFileReference section */
		9863A9A41FD2397A0032B9E9 /* opencv2.framework */ = {isa = PBXFileReference; lastKnownFileType = wrapper.framework; name = opencv2.framework; path = AmazingFace/lib/opencv2.framework; sourceTree = "<group>"; };
		9863A9A71FD2397D0032B9E9 /* Accelerate.framework */ = {isa = PBXFileReference; lastKnownFileType = wrapper.framework; name = Accelerate.framework; path = System/Library/Frameworks/Accelerate.framework; sourceTree = SDKROOT; };
		9863A9A91FD2398A0032B9E9 /* CoreVideo.framework */ = {isa = PBXFileReference; lastKnownFileType = wrapper.framework; name = CoreVideo.framework; path = System/Library/Frameworks/CoreVideo.framework; sourceTree = SDKROOT; };
		9863A9B01FD23EE80032B9E9 /* HeadPoseDetector.h */ = {isa = PBXFileReference; lastKnownFileType = sourcecode.c.h; path = HeadPoseDetector.h; sourceTree = "<group>"; };
		9863A9B11FD23EE80032B9E9 /* HeadPoseDetector.mm */ = {isa = PBXFileReference; lastKnownFileType = sourcecode.cpp.objcpp; path = HeadPoseDetector.mm; sourceTree = "<group>"; };
		988F4B2B1FD3ADD4002A4EC8 /* Vision.framework */ = {isa = PBXFileReference; lastKnownFileType = wrapper.framework; name = Vision.framework; path = System/Library/Frameworks/Vision.framework; sourceTree = SDKROOT; };
		98A27E001FD187270004764F /* AmazingFace.app */ = {isa = PBXFileReference; explicitFileType = wrapper.application; includeInIndex = 0; path = AmazingFace.app; sourceTree = BUILT_PRODUCTS_DIR; };
		98A27E031FD187270004764F /* AppDelegate.h */ = {isa = PBXFileReference; lastKnownFileType = sourcecode.c.h; path = AppDelegate.h; sourceTree = "<group>"; };
		98A27E041FD187270004764F /* AppDelegate.m */ = {isa = PBXFileReference; lastKnownFileType = sourcecode.c.objc; path = AppDelegate.m; sourceTree = "<group>"; };
		98A27E061FD187270004764F /* art.scnassets */ = {isa = PBXFileReference; lastKnownFileType = wrapper.scnassets; path = art.scnassets; sourceTree = "<group>"; };
		98A27E081FD187270004764F /* ViewController.h */ = {isa = PBXFileReference; lastKnownFileType = sourcecode.c.h; path = ViewController.h; sourceTree = "<group>"; };
		98A27E091FD187270004764F /* ViewController.m */ = {isa = PBXFileReference; lastKnownFileType = sourcecode.c.objc; path = ViewController.m; sourceTree = "<group>"; };
		98A27E0C1FD187270004764F /* Base */ = {isa = PBXFileReference; lastKnownFileType = file.storyboard; name = Base; path = Base.lproj/Main.storyboard; sourceTree = "<group>"; };
		98A27E0E1FD187270004764F /* Assets.xcassets */ = {isa = PBXFileReference; lastKnownFileType = folder.assetcatalog; path = Assets.xcassets; sourceTree = "<group>"; };
		98A27E111FD187270004764F /* Base */ = {isa = PBXFileReference; lastKnownFileType = file.storyboard; name = Base; path = Base.lproj/LaunchScreen.storyboard; sourceTree = "<group>"; };
		98A27E131FD187270004764F /* Info.plist */ = {isa = PBXFileReference; lastKnownFileType = text.plist.xml; path = Info.plist; sourceTree = "<group>"; };
		98A27E141FD187270004764F /* main.m */ = {isa = PBXFileReference; lastKnownFileType = sourcecode.c.objc; path = main.m; sourceTree = "<group>"; };
/* End PBXFileReference section */

/* Begin PBXFrameworksBuildPhase section */
		98A27DFD1FD187270004764F /* Frameworks */ = {
			isa = PBXFrameworksBuildPhase;
			buildActionMask = 2147483647;
			files = (
				988F4B2C1FD3ADDB002A4EC8 /* Vision.framework in Frameworks */,
				9863A9B31FD2AE990032B9E9 /* Accelerate.framework in Frameworks */,
				9863A9AA1FD239900032B9E9 /* CoreVideo.framework in Frameworks */,
				9863A9A61FD2397A0032B9E9 /* opencv2.framework in Frameworks */,
			);
			runOnlyForDeploymentPostprocessing = 0;
		};
/* End PBXFrameworksBuildPhase section */

/* Begin PBXGroup section */
		9863A99E1FD237F80032B9E9 /* Tools */ = {
			isa = PBXGroup;
			children = (
			);
			path = Tools;
			sourceTree = "<group>";
		};
		9863A9A21FD239790032B9E9 /* Frameworks */ = {
			isa = PBXGroup;
			children = (
				988F4B2B1FD3ADD4002A4EC8 /* Vision.framework */,
				9863A9A91FD2398A0032B9E9 /* CoreVideo.framework */,
				9863A9A71FD2397D0032B9E9 /* Accelerate.framework */,
				9863A9A41FD2397A0032B9E9 /* opencv2.framework */,
			);
			name = Frameworks;
			sourceTree = "<group>";
		};
		9863A9AD1FD23C180032B9E9 /* HeadePoseDetection */ = {
			isa = PBXGroup;
			children = (
				9863A9B01FD23EE80032B9E9 /* HeadPoseDetector.h */,
				9863A9B11FD23EE80032B9E9 /* HeadPoseDetector.mm */,
			);
			path = HeadePoseDetection;
			sourceTree = "<group>";
		};
		9863A9AE1FD23C540032B9E9 /* STT */ = {
			isa = PBXGroup;
			children = (
			);
			path = STT;
			sourceTree = "<group>";
		};
		9863A9AF1FD23C5E0032B9E9 /* EmotionDetection */ = {
			isa = PBXGroup;
			children = (
			);
			path = EmotionDetection;
			sourceTree = "<group>";
		};
		98A27DF71FD187270004764F = {
			isa = PBXGroup;
			children = (
				98A27E021FD187270004764F /* AmazingFace */,
				98A27E011FD187270004764F /* Products */,
				9863A9A21FD239790032B9E9 /* Frameworks */,
			);
			sourceTree = "<group>";
		};
		98A27E011FD187270004764F /* Products */ = {
			isa = PBXGroup;
			children = (
				98A27E001FD187270004764F /* AmazingFace.app */,
			);
			name = Products;
			sourceTree = "<group>";
		};
		98A27E021FD187270004764F /* AmazingFace */ = {
			isa = PBXGroup;
			children = (
				9863A9AF1FD23C5E0032B9E9 /* EmotionDetection */,
				9863A9AE1FD23C540032B9E9 /* STT */,
				9863A9AD1FD23C180032B9E9 /* HeadePoseDetection */,
				9863A99E1FD237F80032B9E9 /* Tools */,
				98A27E031FD187270004764F /* AppDelegate.h */,
				98A27E041FD187270004764F /* AppDelegate.m */,
				98A27E061FD187270004764F /* art.scnassets */,
				98A27E081FD187270004764F /* ViewController.h */,
				98A27E091FD187270004764F /* ViewController.m */,
				98A27E0B1FD187270004764F /* Main.storyboard */,
				98A27E0E1FD187270004764F /* Assets.xcassets */,
				98A27E101FD187270004764F /* LaunchScreen.storyboard */,
				98A27E131FD187270004764F /* Info.plist */,
				98A27E141FD187270004764F /* main.m */,
			);
			path = AmazingFace;
			sourceTree = "<group>";
		};
/* End PBXGroup section */

/* Begin PBXNativeTarget section */
		98A27DFF1FD187270004764F /* AmazingFace */ = {
			isa = PBXNativeTarget;
			buildConfigurationList = 98A27E181FD187270004764F /* Build configuration list for PBXNativeTarget "AmazingFace" */;
			buildPhases = (
				98A27DFC1FD187270004764F /* Sources */,
				98A27DFD1FD187270004764F /* Frameworks */,
				98A27DFE1FD187270004764F /* Resources */,
			);
			buildRules = (
			);
			dependencies = (
			);
			name = AmazingFace;
			productName = AmazingFace;
			productReference = 98A27E001FD187270004764F /* AmazingFace.app */;
			productType = "com.apple.product-type.application";
		};
/* End PBXNativeTarget section */

/* Begin PBXProject section */
		98A27DF81FD187270004764F /* Project object */ = {
			isa = PBXProject;
			attributes = {
				LastUpgradeCheck = 0910;
				ORGANIZATIONNAME = zero;
				TargetAttributes = {
					98A27DFF1FD187270004764F = {
						CreatedOnToolsVersion = 9.1;
						ProvisioningStyle = Automatic;
					};
				};
			};
			buildConfigurationList = 98A27DFB1FD187270004764F /* Build configuration list for PBXProject "AmazingFace" */;
			compatibilityVersion = "Xcode 8.0";
			developmentRegion = en;
			hasScannedForEncodings = 0;
			knownRegions = (
				en,
				Base,
			);
			mainGroup = 98A27DF71FD187270004764F;
			productRefGroup = 98A27E011FD187270004764F /* Products */;
			projectDirPath = "";
			projectRoot = "";
			targets = (
				98A27DFF1FD187270004764F /* AmazingFace */,
			);
		};
/* End PBXProject section */

/* Begin PBXResourcesBuildPhase section */
		98A27DFE1FD187270004764F /* Resources */ = {
			isa = PBXResourcesBuildPhase;
			buildActionMask = 2147483647;
			files = (
				98A27E071FD187270004764F /* art.scnassets in Resources */,
				98A27E121FD187270004764F /* LaunchScreen.storyboard in Resources */,
				98A27E0F1FD187270004764F /* Assets.xcassets in Resources */,
				98A27E0D1FD187270004764F /* Main.storyboard in Resources */,
			);
			runOnlyForDeploymentPostprocessing = 0;
		};
/* End PBXResourcesBuildPhase section */

/* Begin PBXSourcesBuildPhase section */
		98A27DFC1FD187270004764F /* Sources */ = {
			isa = PBXSourcesBuildPhase;
			buildActionMask = 2147483647;
			files = (
				98A27E0A1FD187270004764F /* ViewController.m in Sources */,
				98A27E151FD187270004764F /* main.m in Sources */,
				9863A9B21FD23EE80032B9E9 /* HeadPoseDetector.mm in Sources */,
				98A27E051FD187270004764F /* AppDelegate.m in Sources */,
			);
			runOnlyForDeploymentPostprocessing = 0;
		};
/* End PBXSourcesBuildPhase section */

/* Begin PBXVariantGroup section */
		98A27E0B1FD187270004764F /* Main.storyboard */ = {
			isa = PBXVariantGroup;
			children = (
				98A27E0C1FD187270004764F /* Base */,
			);
			name = Main.storyboard;
			sourceTree = "<group>";
		};
		98A27E101FD187270004764F /* LaunchScreen.storyboard */ = {
			isa = PBXVariantGroup;
			children = (
				98A27E111FD187270004764F /* Base */,
			);
			name = LaunchScreen.storyboard;
			sourceTree = "<group>";
		};
/* End PBXVariantGroup section */

/* Begin XCBuildConfiguration section */
		98A27E161FD187270004764F /* Debug */ = {
			isa = XCBuildConfiguration;
			buildSettings = {
				ALWAYS_SEARCH_USER_PATHS = NO;
				CLANG_ANALYZER_NONNULL = YES;
				CLANG_ANALYZER_NUMBER_OBJECT_CONVERSION = YES_AGGRESSIVE;
				CLANG_CXX_LANGUAGE_STANDARD = "gnu++14";
				CLANG_CXX_LIBRARY = "libc++";
				CLANG_ENABLE_MODULES = YES;
				CLANG_ENABLE_OBJC_ARC = YES;
				CLANG_WARN_BLOCK_CAPTURE_AUTORELEASING = YES;
				CLANG_WARN_BOOL_CONVERSION = YES;
				CLANG_WARN_COMMA = YES;
				CLANG_WARN_CONSTANT_CONVERSION = YES;
				CLANG_WARN_DIRECT_OBJC_ISA_USAGE = YES_ERROR;
				CLANG_WARN_DOCUMENTATION_COMMENTS = YES;
				CLANG_WARN_EMPTY_BODY = YES;
				CLANG_WARN_ENUM_CONVERSION = YES;
				CLANG_WARN_INFINITE_RECURSION = YES;
				CLANG_WARN_INT_CONVERSION = YES;
				CLANG_WARN_NON_LITERAL_NULL_CONVERSION = YES;
				CLANG_WARN_OBJC_LITERAL_CONVERSION = YES;
				CLANG_WARN_OBJC_ROOT_CLASS = YES_ERROR;
				CLANG_WARN_RANGE_LOOP_ANALYSIS = YES;
				CLANG_WARN_STRICT_PROTOTYPES = YES;
				CLANG_WARN_SUSPICIOUS_MOVE = YES;
				CLANG_WARN_UNGUARDED_AVAILABILITY = YES_AGGRESSIVE;
				CLANG_WARN_UNREACHABLE_CODE = YES;
				CLANG_WARN__DUPLICATE_METHOD_MATCH = YES;
				CODE_SIGN_IDENTITY = "iPhone Developer";
				COPY_PHASE_STRIP = NO;
				DEBUG_INFORMATION_FORMAT = dwarf;
				ENABLE_STRICT_OBJC_MSGSEND = YES;
				ENABLE_TESTABILITY = YES;
				GCC_C_LANGUAGE_STANDARD = gnu11;
				GCC_DYNAMIC_NO_PIC = NO;
				GCC_NO_COMMON_BLOCKS = YES;
				GCC_OPTIMIZATION_LEVEL = 0;
				GCC_PREPROCESSOR_DEFINITIONS = (
					"DEBUG=1",
					"$(inherited)",
				);
				GCC_WARN_64_TO_32_BIT_CONVERSION = YES;
				GCC_WARN_ABOUT_RETURN_TYPE = YES_ERROR;
				GCC_WARN_UNDECLARED_SELECTOR = YES;
				GCC_WARN_UNINITIALIZED_AUTOS = YES_AGGRESSIVE;
				GCC_WARN_UNUSED_FUNCTION = YES;
				GCC_WARN_UNUSED_VARIABLE = YES;
				IPHONEOS_DEPLOYMENT_TARGET = 11.1;
				MTL_ENABLE_DEBUG_INFO = YES;
				ONLY_ACTIVE_ARCH = YES;
				SDKROOT = iphoneos;
			};
			name = Debug;
		};
		98A27E171FD187270004764F /* Release */ = {
			isa = XCBuildConfiguration;
			buildSettings = {
				ALWAYS_SEARCH_USER_PATHS = NO;
				CLANG_ANALYZER_NONNULL = YES;
				CLANG_ANALYZER_NUMBER_OBJECT_CONVERSION = YES_AGGRESSIVE;
				CLANG_CXX_LANGUAGE_STANDARD = "gnu++14";
				CLANG_CXX_LIBRARY = "libc++";
				CLANG_ENABLE_MODULES = YES;
				CLANG_ENABLE_OBJC_ARC = YES;
				CLANG_WARN_BLOCK_CAPTURE_AUTORELEASING = YES;
				CLANG_WARN_BOOL_CONVERSION = YES;
				CLANG_WARN_COMMA = YES;
				CLANG_WARN_CONSTANT_CONVERSION = YES;
				CLANG_WARN_DIRECT_OBJC_ISA_USAGE = YES_ERROR;
				CLANG_WARN_DOCUMENTATION_COMMENTS = YES;
				CLANG_WARN_EMPTY_BODY = YES;
				CLANG_WARN_ENUM_CONVERSION = YES;
				CLANG_WARN_INFINITE_RECURSION = YES;
				CLANG_WARN_INT_CONVERSION = YES;
				CLANG_WARN_NON_LITERAL_NULL_CONVERSION = YES;
				CLANG_WARN_OBJC_LITERAL_CONVERSION = YES;
				CLANG_WARN_OBJC_ROOT_CLASS = YES_ERROR;
				CLANG_WARN_RANGE_LOOP_ANALYSIS = YES;
				CLANG_WARN_STRICT_PROTOTYPES = YES;
				CLANG_WARN_SUSPICIOUS_MOVE = YES;
				CLANG_WARN_UNGUARDED_AVAILABILITY = YES_AGGRESSIVE;
				CLANG_WARN_UNREACHABLE_CODE = YES;
				CLANG_WARN__DUPLICATE_METHOD_MATCH = YES;
				CODE_SIGN_IDENTITY = "iPhone Developer";
				COPY_PHASE_STRIP = NO;
				DEBUG_INFORMATION_FORMAT = "dwarf-with-dsym";
				ENABLE_NS_ASSERTIONS = NO;
				ENABLE_STRICT_OBJC_MSGSEND = YES;
				GCC_C_LANGUAGE_STANDARD = gnu11;
				GCC_NO_COMMON_BLOCKS = YES;
				GCC_WARN_64_TO_32_BIT_CONVERSION = YES;
				GCC_WARN_ABOUT_RETURN_TYPE = YES_ERROR;
				GCC_WARN_UNDECLARED_SELECTOR = YES;
				GCC_WARN_UNINITIALIZED_AUTOS = YES_AGGRESSIVE;
				GCC_WARN_UNUSED_FUNCTION = YES;
				GCC_WARN_UNUSED_VARIABLE = YES;
				IPHONEOS_DEPLOYMENT_TARGET = 11.1;
				MTL_ENABLE_DEBUG_INFO = NO;
				SDKROOT = iphoneos;
				VALIDATE_PRODUCT = YES;
			};
			name = Release;
		};
		98A27E191FD187270004764F /* Debug */ = {
			isa = XCBuildConfiguration;
			buildSettings = {
				ASSETCATALOG_COMPILER_APPICON_NAME = AppIcon;
				CODE_SIGN_STYLE = Automatic;
				DEVELOPMENT_TEAM = P5NMFQNK9W;
				FRAMEWORK_SEARCH_PATHS = (
					"$(inherited)",
					"$(PROJECT_DIR)/AmazingFace/lib",
				);
				GCC_PREPROCESSOR_DEFINITIONS = "YORKDEBUG=1";
				HEADER_SEARCH_PATHS = "$(PROJECT_DIR)/AmazingFace/lib";
				INFOPLIST_FILE = AmazingFace/Info.plist;
				LD_RUNPATH_SEARCH_PATHS = "$(inherited) @executable_path/Frameworks";
				LIBRARY_SEARCH_PATHS = (
					"$(inherited)",
					"$(PROJECT_DIR)/AmazingFace/lib",
				);
				PRODUCT_BUNDLE_IDENTIFIER = york.AmazingFace1;
				PRODUCT_NAME = "$(TARGET_NAME)";
				TARGETED_DEVICE_FAMILY = "1,2";
			};
			name = Debug;
		};
		98A27E1A1FD187270004764F /* Release */ = {
			isa = XCBuildConfiguration;
			buildSettings = {
				ASSETCATALOG_COMPILER_APPICON_NAME = AppIcon;
				CODE_SIGN_STYLE = Automatic;
				DEVELOPMENT_TEAM = P5NMFQNK9W;
				FRAMEWORK_SEARCH_PATHS = (
					"$(inherited)",
					"$(PROJECT_DIR)/AmazingFace/lib",
				);
				GCC_PREPROCESSOR_DEFINITIONS = "";
				HEADER_SEARCH_PATHS = "$(PROJECT_DIR)/AmazingFace/lib";
				INFOPLIST_FILE = AmazingFace/Info.plist;
				LD_RUNPATH_SEARCH_PATHS = "$(inherited) @executable_path/Frameworks";
				LIBRARY_SEARCH_PATHS = (
					"$(inherited)",
					"$(PROJECT_DIR)/AmazingFace/lib",
				);
				PRODUCT_BUNDLE_IDENTIFIER = york.AmazingFace1;
				PRODUCT_NAME = "$(TARGET_NAME)";
				TARGETED_DEVICE_FAMILY = "1,2";
			};
			name = Release;
		};
/* End XCBuildConfiguration section */

/* Begin XCConfigurationList section */
		98A27DFB1FD187270004764F /* Build configuration list for PBXProject "AmazingFace" */ = {
			isa = XCConfigurationList;
			buildConfigurations = (
				98A27E161FD187270004764F /* Debug */,
				98A27E171FD187270004764F /* Release */,
			);
			defaultConfigurationIsVisible = 0;
			defaultConfigurationName = Release;
		};
		98A27E181FD187270004764F /* Build configuration list for PBXNativeTarget "AmazingFace" */ = {
			isa = XCConfigurationList;
			buildConfigurations = (
				98A27E191FD187270004764F /* Debug */,
				98A27E1A1FD187270004764F /* Release */,
			);
			defaultConfigurationIsVisible = 0;
			defaultConfigurationName = Release;
		};
/* End XCConfigurationList section */
	};
	rootObject = 98A27DF81FD187270004764F /* Project object */;
}
